
Microsoft Visual Studio Solution File, Format Version 12.00
# Visual Studio 15
VisualStudioVersion = 15.0.27703.2047
MinimumVisualStudioVersion = 10.0.40219.1
Project("{FAE04EC0-301F-11D3-BF4B-00C04F79EFBC}") = "Myfirstsample", "Myfirstsample\Myfirstsample.csproj", "{83095A70-0D26-4BEA-BC45-E0E5CE45203F}"
EndProject
Global
	GlobalSection(SolutionConfigurationPlatforms) = preSolution
		Debug|Any CPU = Debug|Any CPU
		Release|Any CPU = Release|Any CPU
	EndGlobalSection
	GlobalSection(ProjectConfigurationPlatforms) = postSolution
		{83095A70-0D26-4BEA-BC45-E0E5CE45203F}.Debug|Any CPU.ActiveCfg = Debug|Any CPU
		{83095A70-0D26-4BEA-BC45-E0E5CE45203F}.Debug|Any CPU.Build.0 = Debug|Any CPU
		{83095A70-0D26-4BEA-BC45-E0E5CE45203F}.Release|Any CPU.ActiveCfg = Release|Any CPU
		{83095A70-0D26-4BEA-BC45-E0E5CE45203F}.Release|Any CPU.Build.0 = Release|Any CPU
	EndGlobalSection
	GlobalSection(SolutionProperties) = preSolution
		HideSolutionNode = FALSE
	EndGlobalSection
	GlobalSection(ExtensibilityGlobals) = postSolution
		SolutionGuid = {D638FCFD-BCF8-405B-8076-CDF44B3BAE40}
	EndGlobalSection
EndGlobal
